
Microsoft Visual Studio Solution File, Format Version 12.00
# Visual Studio 15
VisualStudioVersion = 15.0.28307.329
MinimumVisualStudioVersion = 10.0.40219.1
Project("{FAE04EC0-301F-11D3-BF4B-00C04F79EFBC}") = "exercice4javascript3", "exercice4javascript3\exercice4javascript3.csproj", "{3A772316-FE75-4A11-94FB-A219E8A592FD}"
EndProject
Global
	GlobalSection(SolutionConfigurationPlatforms) = preSolution
		Debug|Any CPU = Debug|Any CPU
		Release|Any CPU = Release|Any CPU
	EndGlobalSection
	GlobalSection(ProjectConfigurationPlatforms) = postSolution
		{3A772316-FE75-4A11-94FB-A219E8A592FD}.Debug|Any CPU.ActiveCfg = Debug|Any CPU
		{3A772316-FE75-4A11-94FB-A219E8A592FD}.Debug|Any CPU.Build.0 = Debug|Any CPU
		{3A772316-FE75-4A11-94FB-A219E8A592FD}.Release|Any CPU.ActiveCfg = Release|Any CPU
		{3A772316-FE75-4A11-94FB-A219E8A592FD}.Release|Any CPU.Build.0 = Release|Any CPU
	EndGlobalSection
	GlobalSection(SolutionProperties) = preSolution
		HideSolutionNode = FALSE
	EndGlobalSection
	GlobalSection(ExtensibilityGlobals) = postSolution
		SolutionGuid = {FBFCDA55-6DF9-446F-AFC3-5CE9C8073B3D}
	EndGlobalSection
EndGlobal
