
Microsoft Visual Studio Solution File, Format Version 12.00
# Visual Studio 15
VisualStudioVersion = 15.0.28307.329
MinimumVisualStudioVersion = 10.0.40219.1
Project("{FAE04EC0-301F-11D3-BF4B-00C04F79EFBC}") = "exercice2javascript2", "exercice2javascript2\exercice2javascript2.csproj", "{0AF2A241-33DF-4351-B2FC-232B0DFC1023}"
EndProject
Global
	GlobalSection(SolutionConfigurationPlatforms) = preSolution
		Debug|Any CPU = Debug|Any CPU
		Release|Any CPU = Release|Any CPU
	EndGlobalSection
	GlobalSection(ProjectConfigurationPlatforms) = postSolution
		{0AF2A241-33DF-4351-B2FC-232B0DFC1023}.Debug|Any CPU.ActiveCfg = Debug|Any CPU
		{0AF2A241-33DF-4351-B2FC-232B0DFC1023}.Debug|Any CPU.Build.0 = Debug|Any CPU
		{0AF2A241-33DF-4351-B2FC-232B0DFC1023}.Release|Any CPU.ActiveCfg = Release|Any CPU
		{0AF2A241-33DF-4351-B2FC-232B0DFC1023}.Release|Any CPU.Build.0 = Release|Any CPU
	EndGlobalSection
	GlobalSection(SolutionProperties) = preSolution
		HideSolutionNode = FALSE
	EndGlobalSection
	GlobalSection(ExtensibilityGlobals) = postSolution
		SolutionGuid = {21AFEBE6-8A84-466D-B691-C142DD0B9ABC}
	EndGlobalSection
EndGlobal
