
Microsoft Visual Studio Solution File, Format Version 12.00
# Visual Studio 15
VisualStudioVersion = 15.0.28307.329
MinimumVisualStudioVersion = 10.0.40219.1
Project("{FAE04EC0-301F-11D3-BF4B-00C04F79EFBC}") = "Exo 8 Part 4", "Exo 8 Part 4\Exo 8 Part 4.csproj", "{921365A6-A8C3-41F6-95B7-C38FBA5FF01F}"
EndProject
Global
	GlobalSection(SolutionConfigurationPlatforms) = preSolution
		Debug|Any CPU = Debug|Any CPU
		Release|Any CPU = Release|Any CPU
	EndGlobalSection
	GlobalSection(ProjectConfigurationPlatforms) = postSolution
		{921365A6-A8C3-41F6-95B7-C38FBA5FF01F}.Debug|Any CPU.ActiveCfg = Debug|Any CPU
		{921365A6-A8C3-41F6-95B7-C38FBA5FF01F}.Debug|Any CPU.Build.0 = Debug|Any CPU
		{921365A6-A8C3-41F6-95B7-C38FBA5FF01F}.Release|Any CPU.ActiveCfg = Release|Any CPU
		{921365A6-A8C3-41F6-95B7-C38FBA5FF01F}.Release|Any CPU.Build.0 = Release|Any CPU
	EndGlobalSection
	GlobalSection(SolutionProperties) = preSolution
		HideSolutionNode = FALSE
	EndGlobalSection
	GlobalSection(ExtensibilityGlobals) = postSolution
		SolutionGuid = {5A5A5FCB-BCDA-463C-8647-9A12961A1176}
	EndGlobalSection
EndGlobal
