
Microsoft Visual Studio Solution File, Format Version 12.00
# Visual Studio 15
VisualStudioVersion = 15.0.28307.329
MinimumVisualStudioVersion = 10.0.40219.1
Project("{FAE04EC0-301F-11D3-BF4B-00C04F79EFBC}") = "exercice6html", "exercice6html\exercice6html.csproj", "{DC4DCD23-AF41-40AF-8073-A4CC70FB8391}"
EndProject
Global
	GlobalSection(SolutionConfigurationPlatforms) = preSolution
		Debug|Any CPU = Debug|Any CPU
		Release|Any CPU = Release|Any CPU
	EndGlobalSection
	GlobalSection(ProjectConfigurationPlatforms) = postSolution
		{DC4DCD23-AF41-40AF-8073-A4CC70FB8391}.Debug|Any CPU.ActiveCfg = Debug|Any CPU
		{DC4DCD23-AF41-40AF-8073-A4CC70FB8391}.Debug|Any CPU.Build.0 = Debug|Any CPU
		{DC4DCD23-AF41-40AF-8073-A4CC70FB8391}.Release|Any CPU.ActiveCfg = Release|Any CPU
		{DC4DCD23-AF41-40AF-8073-A4CC70FB8391}.Release|Any CPU.Build.0 = Release|Any CPU
	EndGlobalSection
	GlobalSection(SolutionProperties) = preSolution
		HideSolutionNode = FALSE
	EndGlobalSection
	GlobalSection(ExtensibilityGlobals) = postSolution
		SolutionGuid = {D94BF8A9-90D8-4165-B353-D325AA216A01}
	EndGlobalSection
EndGlobal
