
Microsoft Visual Studio Solution File, Format Version 12.00
# Visual Studio 15
VisualStudioVersion = 15.0.28307.329
MinimumVisualStudioVersion = 10.0.40219.1
Project("{FAE04EC0-301F-11D3-BF4B-00C04F79EFBC}") = "exercice1jquery", "exercice1jquery\exercice1jquery.csproj", "{B9243199-FE8A-4800-9115-4C11924FB7BC}"
EndProject
Global
	GlobalSection(SolutionConfigurationPlatforms) = preSolution
		Debug|Any CPU = Debug|Any CPU
		Release|Any CPU = Release|Any CPU
	EndGlobalSection
	GlobalSection(ProjectConfigurationPlatforms) = postSolution
		{B9243199-FE8A-4800-9115-4C11924FB7BC}.Debug|Any CPU.ActiveCfg = Debug|Any CPU
		{B9243199-FE8A-4800-9115-4C11924FB7BC}.Debug|Any CPU.Build.0 = Debug|Any CPU
		{B9243199-FE8A-4800-9115-4C11924FB7BC}.Release|Any CPU.ActiveCfg = Release|Any CPU
		{B9243199-FE8A-4800-9115-4C11924FB7BC}.Release|Any CPU.Build.0 = Release|Any CPU
	EndGlobalSection
	GlobalSection(SolutionProperties) = preSolution
		HideSolutionNode = FALSE
	EndGlobalSection
	GlobalSection(ExtensibilityGlobals) = postSolution
		SolutionGuid = {4A952A45-F6F7-46B5-A6C1-B3005D95203F}
	EndGlobalSection
EndGlobal
