
Microsoft Visual Studio Solution File, Format Version 12.00
# Visual Studio 15
VisualStudioVersion = 15.0.28307.329
MinimumVisualStudioVersion = 10.0.40219.1
Project("{FAE04EC0-301F-11D3-BF4B-00C04F79EFBC}") = "exercice9jquery", "exercice9jquery\exercice9jquery.csproj", "{0B7600B1-2425-4F71-B7A2-9682A3FD0961}"
EndProject
Global
	GlobalSection(SolutionConfigurationPlatforms) = preSolution
		Debug|Any CPU = Debug|Any CPU
		Release|Any CPU = Release|Any CPU
	EndGlobalSection
	GlobalSection(ProjectConfigurationPlatforms) = postSolution
		{0B7600B1-2425-4F71-B7A2-9682A3FD0961}.Debug|Any CPU.ActiveCfg = Debug|Any CPU
		{0B7600B1-2425-4F71-B7A2-9682A3FD0961}.Debug|Any CPU.Build.0 = Debug|Any CPU
		{0B7600B1-2425-4F71-B7A2-9682A3FD0961}.Release|Any CPU.ActiveCfg = Release|Any CPU
		{0B7600B1-2425-4F71-B7A2-9682A3FD0961}.Release|Any CPU.Build.0 = Release|Any CPU
	EndGlobalSection
	GlobalSection(SolutionProperties) = preSolution
		HideSolutionNode = FALSE
	EndGlobalSection
	GlobalSection(ExtensibilityGlobals) = postSolution
		SolutionGuid = {F7F352B5-3B6C-4A9C-A786-132230DC3C68}
	EndGlobalSection
EndGlobal
