
Microsoft Visual Studio Solution File, Format Version 12.00
# Visual Studio 15
VisualStudioVersion = 15.0.28307.329
MinimumVisualStudioVersion = 10.0.40219.1
Project("{FAE04EC0-301F-11D3-BF4B-00C04F79EFBC}") = "exercice7javascript", "exercice7javascript\exercice7javascript.csproj", "{9208F7E7-CBFF-4487-801B-2868D31EE1FE}"
EndProject
Global
	GlobalSection(SolutionConfigurationPlatforms) = preSolution
		Debug|Any CPU = Debug|Any CPU
		Release|Any CPU = Release|Any CPU
	EndGlobalSection
	GlobalSection(ProjectConfigurationPlatforms) = postSolution
		{9208F7E7-CBFF-4487-801B-2868D31EE1FE}.Debug|Any CPU.ActiveCfg = Debug|Any CPU
		{9208F7E7-CBFF-4487-801B-2868D31EE1FE}.Debug|Any CPU.Build.0 = Debug|Any CPU
		{9208F7E7-CBFF-4487-801B-2868D31EE1FE}.Release|Any CPU.ActiveCfg = Release|Any CPU
		{9208F7E7-CBFF-4487-801B-2868D31EE1FE}.Release|Any CPU.Build.0 = Release|Any CPU
	EndGlobalSection
	GlobalSection(SolutionProperties) = preSolution
		HideSolutionNode = FALSE
	EndGlobalSection
	GlobalSection(ExtensibilityGlobals) = postSolution
		SolutionGuid = {6ACA1505-095C-4B72-80C7-9C199699973E}
	EndGlobalSection
EndGlobal
