
Microsoft Visual Studio Solution File, Format Version 12.00
# Visual Studio 15
VisualStudioVersion = 15.0.28307.329
MinimumVisualStudioVersion = 10.0.40219.1
Project("{FAE04EC0-301F-11D3-BF4B-00C04F79EFBC}") = "exo 8", "exo 8\exo 8.csproj", "{04FDC11B-70FA-49F6-8E3A-8DB8942B5CF4}"
EndProject
Global
	GlobalSection(SolutionConfigurationPlatforms) = preSolution
		Debug|Any CPU = Debug|Any CPU
		Release|Any CPU = Release|Any CPU
	EndGlobalSection
	GlobalSection(ProjectConfigurationPlatforms) = postSolution
		{04FDC11B-70FA-49F6-8E3A-8DB8942B5CF4}.Debug|Any CPU.ActiveCfg = Debug|Any CPU
		{04FDC11B-70FA-49F6-8E3A-8DB8942B5CF4}.Debug|Any CPU.Build.0 = Debug|Any CPU
		{04FDC11B-70FA-49F6-8E3A-8DB8942B5CF4}.Release|Any CPU.ActiveCfg = Release|Any CPU
		{04FDC11B-70FA-49F6-8E3A-8DB8942B5CF4}.Release|Any CPU.Build.0 = Release|Any CPU
	EndGlobalSection
	GlobalSection(SolutionProperties) = preSolution
		HideSolutionNode = FALSE
	EndGlobalSection
	GlobalSection(ExtensibilityGlobals) = postSolution
		SolutionGuid = {DED7A788-1FD4-4B32-B831-1DC364EA89B4}
	EndGlobalSection
EndGlobal
