
Microsoft Visual Studio Solution File, Format Version 12.00
# Visual Studio 15
VisualStudioVersion = 15.0.28307.329
MinimumVisualStudioVersion = 10.0.40219.1
Project("{FAE04EC0-301F-11D3-BF4B-00C04F79EFBC}") = "exercice1javascript3", "exercice1javascript3\exercice1javascript3.csproj", "{6F20F50E-03FC-4700-9EFA-63EDD6CAB2F0}"
EndProject
Global
	GlobalSection(SolutionConfigurationPlatforms) = preSolution
		Debug|Any CPU = Debug|Any CPU
		Release|Any CPU = Release|Any CPU
	EndGlobalSection
	GlobalSection(ProjectConfigurationPlatforms) = postSolution
		{6F20F50E-03FC-4700-9EFA-63EDD6CAB2F0}.Debug|Any CPU.ActiveCfg = Debug|Any CPU
		{6F20F50E-03FC-4700-9EFA-63EDD6CAB2F0}.Debug|Any CPU.Build.0 = Debug|Any CPU
		{6F20F50E-03FC-4700-9EFA-63EDD6CAB2F0}.Release|Any CPU.ActiveCfg = Release|Any CPU
		{6F20F50E-03FC-4700-9EFA-63EDD6CAB2F0}.Release|Any CPU.Build.0 = Release|Any CPU
	EndGlobalSection
	GlobalSection(SolutionProperties) = preSolution
		HideSolutionNode = FALSE
	EndGlobalSection
	GlobalSection(ExtensibilityGlobals) = postSolution
		SolutionGuid = {AB459107-7EE8-48E3-936A-092C29A5D0E3}
	EndGlobalSection
EndGlobal
