
Microsoft Visual Studio Solution File, Format Version 12.00
# Visual Studio 15
VisualStudioVersion = 15.0.28307.329
MinimumVisualStudioVersion = 10.0.40219.1
Project("{FAE04EC0-301F-11D3-BF4B-00C04F79EFBC}") = "exercice5html", "exercice5html\exercice5html.csproj", "{7F4AA44F-0403-4941-A92F-303CB8FF1DDC}"
EndProject
Global
	GlobalSection(SolutionConfigurationPlatforms) = preSolution
		Debug|Any CPU = Debug|Any CPU
		Release|Any CPU = Release|Any CPU
	EndGlobalSection
	GlobalSection(ProjectConfigurationPlatforms) = postSolution
		{7F4AA44F-0403-4941-A92F-303CB8FF1DDC}.Debug|Any CPU.ActiveCfg = Debug|Any CPU
		{7F4AA44F-0403-4941-A92F-303CB8FF1DDC}.Debug|Any CPU.Build.0 = Debug|Any CPU
		{7F4AA44F-0403-4941-A92F-303CB8FF1DDC}.Release|Any CPU.ActiveCfg = Release|Any CPU
		{7F4AA44F-0403-4941-A92F-303CB8FF1DDC}.Release|Any CPU.Build.0 = Release|Any CPU
	EndGlobalSection
	GlobalSection(SolutionProperties) = preSolution
		HideSolutionNode = FALSE
	EndGlobalSection
	GlobalSection(ExtensibilityGlobals) = postSolution
		SolutionGuid = {09888006-B77E-4A65-BBEF-AB7493CACC37}
	EndGlobalSection
EndGlobal
